
Microsoft Visual Studio Solution File, Format Version 12.00
# Visual Studio Version 17
VisualStudioVersion = 17.4.33205.214
MinimumVisualStudioVersion = 10.0.40219.1
Project("{FAE04EC0-301F-11D3-BF4B-00C04F79EFBC}") = "Exercise", "Exercise\Exercise.csproj", "{7C630114-8E3B-40B3-AC67-410274ABE3A4}"
EndProject
Global
	GlobalSection(SolutionConfigurationPlatforms) = preSolution
		Debug|Any CPU = Debug|Any CPU
		Release|Any CPU = Release|Any CPU
	EndGlobalSection
	GlobalSection(ProjectConfigurationPlatforms) = postSolution
		{7C630114-8E3B-40B3-AC67-410274ABE3A4}.Debug|Any CPU.ActiveCfg = Debug|Any CPU
		{7C630114-8E3B-40B3-AC67-410274ABE3A4}.Debug|Any CPU.Build.0 = Debug|Any CPU
		{7C630114-8E3B-40B3-AC67-410274ABE3A4}.Release|Any CPU.ActiveCfg = Release|Any CPU
		{7C630114-8E3B-40B3-AC67-410274ABE3A4}.Release|Any CPU.Build.0 = Release|Any CPU
	EndGlobalSection
	GlobalSection(SolutionProperties) = preSolution
		HideSolutionNode = FALSE
	EndGlobalSection
	GlobalSection(ExtensibilityGlobals) = postSolution
		SolutionGuid = {392E93FB-7E46-4213-960C-FD1D1806E902}
	EndGlobalSection
EndGlobal
